
Microsoft Visual Studio Solution File, Format Version 12.00
# Visual Studio Version 17
VisualStudioVersion = 17.0.31521.260
MinimumVisualStudioVersion = 10.0.40219.1
Project("{9A19103F-16F7-4668-BE54-9A1E7A4F7556}") = "Function-01", "Function-01\Function-01.csproj", "{39760CC1-5440-450F-9C5D-0BF203BA5355}"
EndProject
Project("{9A19103F-16F7-4668-BE54-9A1E7A4F7556}") = "DicomLib", "DicomLib\DicomLib.csproj", "{BA21F7A4-F749-4B5C-AFB2-CAEC85016AFD}"
EndProject
Project("{9A19103F-16F7-4668-BE54-9A1E7A4F7556}") = "ConsoleTest", "ConsoleTest\ConsoleTest.csproj", "{AC1F6360-19A8-4A7B-AED5-A5D7D1ABD232}"
EndProject
Global
	GlobalSection(SolutionConfigurationPlatforms) = preSolution
		Debug|Any CPU = Debug|Any CPU
		Release|Any CPU = Release|Any CPU
	EndGlobalSection
	GlobalSection(ProjectConfigurationPlatforms) = postSolution
		{39760CC1-5440-450F-9C5D-0BF203BA5355}.Debug|Any CPU.ActiveCfg = Debug|Any CPU
		{39760CC1-5440-450F-9C5D-0BF203BA5355}.Debug|Any CPU.Build.0 = Debug|Any CPU
		{39760CC1-5440-450F-9C5D-0BF203BA5355}.Release|Any CPU.ActiveCfg = Release|Any CPU
		{39760CC1-5440-450F-9C5D-0BF203BA5355}.Release|Any CPU.Build.0 = Release|Any CPU
		{BA21F7A4-F749-4B5C-AFB2-CAEC85016AFD}.Debug|Any CPU.ActiveCfg = Debug|Any CPU
		{BA21F7A4-F749-4B5C-AFB2-CAEC85016AFD}.Debug|Any CPU.Build.0 = Debug|Any CPU
		{BA21F7A4-F749-4B5C-AFB2-CAEC85016AFD}.Release|Any CPU.ActiveCfg = Release|Any CPU
		{BA21F7A4-F749-4B5C-AFB2-CAEC85016AFD}.Release|Any CPU.Build.0 = Release|Any CPU
		{AC1F6360-19A8-4A7B-AED5-A5D7D1ABD232}.Debug|Any CPU.ActiveCfg = Debug|Any CPU
		{AC1F6360-19A8-4A7B-AED5-A5D7D1ABD232}.Debug|Any CPU.Build.0 = Debug|Any CPU
		{AC1F6360-19A8-4A7B-AED5-A5D7D1ABD232}.Release|Any CPU.ActiveCfg = Release|Any CPU
		{AC1F6360-19A8-4A7B-AED5-A5D7D1ABD232}.Release|Any CPU.Build.0 = Release|Any CPU
	EndGlobalSection
	GlobalSection(SolutionProperties) = preSolution
		HideSolutionNode = FALSE
	EndGlobalSection
	GlobalSection(ExtensibilityGlobals) = postSolution
		SolutionGuid = {F1E3FA44-E7BE-4C2F-9608-7575CE127F23}
	EndGlobalSection
EndGlobal
